
Microsoft Visual Studio Solution File, Format Version 12.00
# Visual Studio Version 17
VisualStudioVersion = 17.9.34723.18
MinimumVisualStudioVersion = 10.0.40219.1
Project("{8BC9CEB8-8B4A-11D0-8D11-00A0C91BC942}") = "Project1", "Project1.vcxproj", "{C8884D6C-A749-416A-A4EA-A151C6B504DA}"
EndProject
Global
	GlobalSection(SolutionConfigurationPlatforms) = preSolution
		Debug|x64 = Debug|x64
		Debug|x86 = Debug|x86
		Release|x64 = Release|x64
		Release|x86 = Release|x86
	EndGlobalSection
	GlobalSection(ProjectConfigurationPlatforms) = postSolution
		{C8884D6C-A749-416A-A4EA-A151C6B504DA}.Debug|x64.ActiveCfg = Debug|x64
		{C8884D6C-A749-416A-A4EA-A151C6B504DA}.Debug|x64.Build.0 = Debug|x64
		{C8884D6C-A749-416A-A4EA-A151C6B504DA}.Debug|x86.ActiveCfg = Debug|Win32
		{C8884D6C-A749-416A-A4EA-A151C6B504DA}.Debug|x86.Build.0 = Debug|Win32
		{C8884D6C-A749-416A-A4EA-A151C6B504DA}.Release|x64.ActiveCfg = Release|x64
		{C8884D6C-A749-416A-A4EA-A151C6B504DA}.Release|x64.Build.0 = Release|x64
		{C8884D6C-A749-416A-A4EA-A151C6B504DA}.Release|x86.ActiveCfg = Release|Win32
		{C8884D6C-A749-416A-A4EA-A151C6B504DA}.Release|x86.Build.0 = Release|Win32
	EndGlobalSection
	GlobalSection(SolutionProperties) = preSolution
		HideSolutionNode = FALSE
	EndGlobalSection
	GlobalSection(ExtensibilityGlobals) = postSolution
		SolutionGuid = {9F01DC5B-96B3-40ED-8E6F-2A7A5B47893D}
	EndGlobalSection
EndGlobal
